
Microsoft Visual Studio Solution File, Format Version 12.00
# Visual Studio Version 17
VisualStudioVersion = 17.4.33213.308
MinimumVisualStudioVersion = 10.0.40219.1
Project("{FAE04EC0-301F-11D3-BF4B-00C04F79EFBC}") = "jmora_Lab3", "jmora_Lab3.csproj", "{229384F9-1820-4C0D-B506-666178C6EE99}"
EndProject
Global
	GlobalSection(SolutionConfigurationPlatforms) = preSolution
		Debug|Any CPU = Debug|Any CPU
		Release|Any CPU = Release|Any CPU
	EndGlobalSection
	GlobalSection(ProjectConfigurationPlatforms) = postSolution
		{229384F9-1820-4C0D-B506-666178C6EE99}.Debug|Any CPU.ActiveCfg = Debug|Any CPU
		{229384F9-1820-4C0D-B506-666178C6EE99}.Debug|Any CPU.Build.0 = Debug|Any CPU
		{229384F9-1820-4C0D-B506-666178C6EE99}.Release|Any CPU.ActiveCfg = Release|Any CPU
		{229384F9-1820-4C0D-B506-666178C6EE99}.Release|Any CPU.Build.0 = Release|Any CPU
	EndGlobalSection
	GlobalSection(SolutionProperties) = preSolution
		HideSolutionNode = FALSE
	EndGlobalSection
	GlobalSection(ExtensibilityGlobals) = postSolution
		SolutionGuid = {9213B284-0018-4BCC-B4F6-CB4559717679}
	EndGlobalSection
EndGlobal
